// !$*UTF8*$!
{
	archiveVersion = 1;
	classes = {
	};
	objectVersion = 46;
	objects = {

/* Begin PBXBuildFile section */
		DA502AF7159CEFA100619B53 /* UIKit.framework in Frameworks */ = {isa = PBXBuildFile; fileRef = DA502AF6159CEFA100619B53 /* UIKit.framework */; };
		DA502AF9159CEFA100619B53 /* Foundation.framework in Frameworks */ = {isa = PBXBuildFile; fileRef = DA502AF8159CEFA100619B53 /* Foundation.framework */; };
		DA502AFB159CEFA100619B53 /* CoreGraphics.framework in Frameworks */ = {isa = PBXBuildFile; fileRef = DA502AFA159CEFA100619B53 /* CoreGraphics.framework */; };
		DA502B01159CEFA100619B53 /* InfoPlist.strings in Resources */ = {isa = PBXBuildFile; fileRef = DA502AFF159CEFA100619B53 /* InfoPlist.strings */; };
		DA502B03159CEFA100619B53 /* main.m in Sources */ = {isa = PBXBuildFile; fileRef = DA502B02159CEFA100619B53 /* main.m */; };
		DA502B07159CEFA100619B53 /* CalculatorAppDelegate.m in Sources */ = {isa = PBXBuildFile; fileRef = DA502B06159CEFA100619B53 /* CalculatorAppDelegate.m */; };
		DA502B0A159CEFA100619B53 /* MainStoryboard.storyboard in Resources */ = {isa = PBXBuildFile; fileRef = DA502B08159CEFA100619B53 /* MainStoryboard.storyboard */; };
		DA502B0D159CEFA100619B53 /* CalculatorViewController.m in Sources */ = {isa = PBXBuildFile; fileRef = DA502B0C159CEFA100619B53 /* CalculatorViewController.m */; };
		DA502B15159CFFAA00619B53 /* CalculatorBrain.m in Sources */ = {isa = PBXBuildFile; fileRef = DA502B14159CFFAA00619B53 /* CalculatorBrain.m */; };
		DA9D9AD815C3000B00EE039E /* GraphViewController.m in Sources */ = {isa = PBXBuildFile; fileRef = DA9D9AD715C3000B00EE039E /* GraphViewController.m */; };
		DA9D9ADB15C3044600EE039E /* GraphView.m in Sources */ = {isa = PBXBuildFile; fileRef = DA9D9ADA15C3044600EE039E /* GraphView.m */; };
/* End PBXBuildFile section */

/* Begin PBXFileReference section */
		DA502AF2159CEFA100619B53 /* Calculator.app */ = {isa = PBXFileReference; explicitFileType = wrapper.application; includeInIndex = 0; path = Calculator.app; sourceTree = BUILT_PRODUCTS_DIR; };
		DA502AF6159CEFA100619B53 /* UIKit.framework */ = {isa = PBXFileReference; lastKnownFileType = wrapper.framework; name = UIKit.framework; path = System/Library/Frameworks/UIKit.framework; sourceTree = SDKROOT; };
		DA502AF8159CEFA100619B53 /* Foundation.framework */ = {isa = PBXFileReference; lastKnownFileType = wrapper.framework; name = Foundation.framework; path = System/Library/Frameworks/Foundation.framework; sourceTree = SDKROOT; };
		DA502AFA159CEFA100619B53 /* CoreGraphics.framework */ = {isa = PBXFileReference; lastKnownFileType = wrapper.framework; name = CoreGraphics.framework; path = System/Library/Frameworks/CoreGraphics.framework; sourceTree = SDKROOT; };
		DA502AFE159CEFA100619B53 /* Calculator-Info.plist */ = {isa = PBXFileReference; lastKnownFileType = text.plist.xml; path = "Calculator-Info.plist"; sourceTree = "<group>"; };
		DA502B00159CEFA100619B53 /* en */ = {isa = PBXFileReference; lastKnownFileType = text.plist.strings; name = en; path = en.lproj/InfoPlist.strings; sourceTree = "<group>"; };
		DA502B02159CEFA100619B53 /* main.m */ = {isa = PBXFileReference; lastKnownFileType = sourcecode.c.objc; path = main.m; sourceTree = "<group>"; };
		DA502B04159CEFA100619B53 /* Calculator-Prefix.pch */ = {isa = PBXFileReference; lastKnownFileType = sourcecode.c.h; path = "Calculator-Prefix.pch"; sourceTree = "<group>"; };
		DA502B05159CEFA100619B53 /* CalculatorAppDelegate.h */ = {isa = PBXFileReference; lastKnownFileType = sourcecode.c.h; path = CalculatorAppDelegate.h; sourceTree = "<group>"; };
		DA502B06159CEFA100619B53 /* CalculatorAppDelegate.m */ = {isa = PBXFileReference; lastKnownFileType = sourcecode.c.objc; path = CalculatorAppDelegate.m; sourceTree = "<group>"; };
		DA502B09159CEFA100619B53 /* en */ = {isa = PBXFileReference; lastKnownFileType = file.storyboard; name = en; path = en.lproj/MainStoryboard.storyboard; sourceTree = "<group>"; };
		DA502B0B159CEFA100619B53 /* CalculatorViewController.h */ = {isa = PBXFileReference; lastKnownFileType = sourcecode.c.h; path = CalculatorViewController.h; sourceTree = "<group>"; };
		DA502B0C159CEFA100619B53 /* CalculatorViewController.m */ = {isa = PBXFileReference; lastKnownFileType = sourcecode.c.objc; path = CalculatorViewController.m; sourceTree = "<group>"; };
		DA502B13159CFFAA00619B53 /* CalculatorBrain.h */ = {isa = PBXFileReference; fileEncoding = 4; lastKnownFileType = sourcecode.c.h; path = CalculatorBrain.h; sourceTree = "<group>"; };
		DA502B14159CFFAA00619B53 /* CalculatorBrain.m */ = {isa = PBXFileReference; fileEncoding = 4; lastKnownFileType = sourcecode.c.objc; path = CalculatorBrain.m; sourceTree = "<group>"; };
		DA9D9ACA15C2FCA300EE039E /* AxesDrawer.h */ = {isa = PBXFileReference; lastKnownFileType = sourcecode.c.h; path = AxesDrawer.h; sourceTree = "<group>"; };
		DA9D9ACB15C2FCA300EE039E /* AxesDrawer.m */ = {isa = PBXFileReference; lastKnownFileType = sourcecode.c.objc; path = AxesDrawer.m; sourceTree = "<group>"; };
		DA9D9AD615C3000B00EE039E /* GraphViewController.h */ = {isa = PBXFileReference; fileEncoding = 4; lastKnownFileType = sourcecode.c.h; name = GraphViewController.h; path = ../GraphViewController.h; sourceTree = "<group>"; };
		DA9D9AD715C3000B00EE039E /* GraphViewController.m */ = {isa = PBXFileReference; fileEncoding = 4; lastKnownFileType = sourcecode.c.objc; name = GraphViewController.m; path = ../GraphViewController.m; sourceTree = "<group>"; };
		DA9D9AD915C3044600EE039E /* GraphView.h */ = {isa = PBXFileReference; fileEncoding = 4; lastKnownFileType = sourcecode.c.h; path = GraphView.h; sourceTree = "<group>"; };
		DA9D9ADA15C3044600EE039E /* GraphView.m */ = {isa = PBXFileReference; fileEncoding = 4; lastKnownFileType = sourcecode.c.objc; path = GraphView.m; sourceTree = "<group>"; };
/* End PBXFileReference section */

/* Begin PBXFrameworksBuildPhase section */
		DA502AEF159CEFA100619B53 /* Frameworks */ = {
			isa = PBXFrameworksBuildPhase;
			buildActionMask = 2147483647;
			files = (
				DA502AF7159CEFA100619B53 /* UIKit.framework in Frameworks */,
				DA502AF9159CEFA100619B53 /* Foundation.framework in Frameworks */,
				DA502AFB159CEFA100619B53 /* CoreGraphics.framework in Frameworks */,
			);
			runOnlyForDeploymentPostprocessing = 0;
		};
/* End PBXFrameworksBuildPhase section */

/* Begin PBXGroup section */
		DA502AE7159CEFA100619B53 = {
			isa = PBXGroup;
			children = (
				DA502AFC159CEFA100619B53 /* Calculator */,
				DA502AF5159CEFA100619B53 /* Frameworks */,
				DA502AF3159CEFA100619B53 /* Products */,
			);
			sourceTree = "<group>";
		};
		DA502AF3159CEFA100619B53 /* Products */ = {
			isa = PBXGroup;
			children = (
				DA502AF2159CEFA100619B53 /* Calculator.app */,
			);
			name = Products;
			sourceTree = "<group>";
		};
		DA502AF5159CEFA100619B53 /* Frameworks */ = {
			isa = PBXGroup;
			children = (
				DA502AF6159CEFA100619B53 /* UIKit.framework */,
				DA502AF8159CEFA100619B53 /* Foundation.framework */,
				DA502AFA159CEFA100619B53 /* CoreGraphics.framework */,
			);
			name = Frameworks;
			sourceTree = "<group>";
		};
		DA502AFC159CEFA100619B53 /* Calculator */ = {
			isa = PBXGroup;
			children = (
				DA9D9AD615C3000B00EE039E /* GraphViewController.h */,
				DA9D9AD715C3000B00EE039E /* GraphViewController.m */,
				DA9D9AD915C3044600EE039E /* GraphView.h */,
				DA9D9ADA15C3044600EE039E /* GraphView.m */,
				DA9D9ACA15C2FCA300EE039E /* AxesDrawer.h */,
				DA9D9ACB15C2FCA300EE039E /* AxesDrawer.m */,
				DA502B05159CEFA100619B53 /* CalculatorAppDelegate.h */,
				DA502B06159CEFA100619B53 /* CalculatorAppDelegate.m */,
				DA502B08159CEFA100619B53 /* MainStoryboard.storyboard */,
				DA502B13159CFFAA00619B53 /* CalculatorBrain.h */,
				DA502B14159CFFAA00619B53 /* CalculatorBrain.m */,
				DA502B0B159CEFA100619B53 /* CalculatorViewController.h */,
				DA502B0C159CEFA100619B53 /* CalculatorViewController.m */,
				DA502AFD159CEFA100619B53 /* Supporting Files */,
			);
			path = Calculator;
			sourceTree = "<group>";
		};
		DA502AFD159CEFA100619B53 /* Supporting Files */ = {
			isa = PBXGroup;
			children = (
				DA502AFE159CEFA100619B53 /* Calculator-Info.plist */,
				DA502AFF159CEFA100619B53 /* InfoPlist.strings */,
				DA502B02159CEFA100619B53 /* main.m */,
				DA502B04159CEFA100619B53 /* Calculator-Prefix.pch */,
			);
			name = "Supporting Files";
			sourceTree = "<group>";
		};
/* End PBXGroup section */

/* Begin PBXNativeTarget section */
		DA502AF1159CEFA100619B53 /* Calculator */ = {
			isa = PBXNativeTarget;
			buildConfigurationList = DA502B10159CEFA100619B53 /* Build configuration list for PBXNativeTarget "Calculator" */;
			buildPhases = (
				DA502AEE159CEFA100619B53 /* Sources */,
				DA502AEF159CEFA100619B53 /* Frameworks */,
				DA502AF0159CEFA100619B53 /* Resources */,
			);
			buildRules = (
			);
			dependencies = (
			);
			name = Calculator;
			productName = Calculator;
			productReference = DA502AF2159CEFA100619B53 /* Calculator.app */;
			productType = "com.apple.product-type.application";
		};
/* End PBXNativeTarget section */

/* Begin PBXProject section */
		DA502AE9159CEFA100619B53 /* Project object */ = {
			isa = PBXProject;
			attributes = {
				CLASSPREFIX = Calculator;
				LastUpgradeCheck = 0430;
			};
			buildConfigurationList = DA502AEC159CEFA100619B53 /* Build configuration list for PBXProject "Calculator" */;
			compatibilityVersion = "Xcode 3.2";
			developmentRegion = English;
			hasScannedForEncodings = 0;
			knownRegions = (
				en,
			);
			mainGroup = DA502AE7159CEFA100619B53;
			productRefGroup = DA502AF3159CEFA100619B53 /* Products */;
			projectDirPath = "";
			projectRoot = "";
			targets = (
				DA502AF1159CEFA100619B53 /* Calculator */,
			);
		};
/* End PBXProject section */

/* Begin PBXResourcesBuildPhase section */
		DA502AF0159CEFA100619B53 /* Resources */ = {
			isa = PBXResourcesBuildPhase;
			buildActionMask = 2147483647;
			files = (
				DA502B01159CEFA100619B53 /* InfoPlist.strings in Resources */,
				DA502B0A159CEFA100619B53 /* MainStoryboard.storyboard in Resources */,
			);
			runOnlyForDeploymentPostprocessing = 0;
		};
/* End PBXResourcesBuildPhase section */

/* Begin PBXSourcesBuildPhase section */
		DA502AEE159CEFA100619B53 /* Sources */ = {
			isa = PBXSourcesBuildPhase;
			buildActionMask = 2147483647;
			files = (
				DA502B03159CEFA100619B53 /* main.m in Sources */,
				DA502B07159CEFA100619B53 /* CalculatorAppDelegate.m in Sources */,
				DA502B0D159CEFA100619B53 /* CalculatorViewController.m in Sources */,
				DA502B15159CFFAA00619B53 /* CalculatorBrain.m in Sources */,
				DA9D9AD815C3000B00EE039E /* GraphViewController.m in Sources */,
				DA9D9ADB15C3044600EE039E /* GraphView.m in Sources */,
			);
			runOnlyForDeploymentPostprocessing = 0;
		};
/* End PBXSourcesBuildPhase section */

/* Begin PBXVariantGroup section */
		DA502AFF159CEFA100619B53 /* InfoPlist.strings */ = {
			isa = PBXVariantGroup;
			children = (
				DA502B00159CEFA100619B53 /* en */,
			);
			name = InfoPlist.strings;
			sourceTree = "<group>";
		};
		DA502B08159CEFA100619B53 /* MainStoryboard.storyboard */ = {
			isa = PBXVariantGroup;
			children = (
				DA502B09159CEFA100619B53 /* en */,
			);
			name = MainStoryboard.storyboard;
			sourceTree = "<group>";
		};
/* End PBXVariantGroup section */

/* Begin XCBuildConfiguration section */
		DA502B0E159CEFA100619B53 /* Debug */ = {
			isa = XCBuildConfiguration;
			buildSettings = {
				ALWAYS_SEARCH_USER_PATHS = NO;
				ARCHS = "$(ARCHS_STANDARD_32_BIT)";
				CLANG_ENABLE_OBJC_ARC = YES;
				"CODE_SIGN_IDENTITY[sdk=iphoneos*]" = "iPhone Developer";
				COPY_PHASE_STRIP = NO;
				GCC_C_LANGUAGE_STANDARD = gnu99;
				GCC_DYNAMIC_NO_PIC = NO;
				GCC_OPTIMIZATION_LEVEL = 0;
				GCC_PREPROCESSOR_DEFINITIONS = (
					"DEBUG=1",
					"$(inherited)",
				);
				GCC_SYMBOLS_PRIVATE_EXTERN = NO;
				GCC_VERSION = com.apple.compilers.llvm.clang.1_0;
				GCC_WARN_ABOUT_RETURN_TYPE = YES;
				GCC_WARN_UNINITIALIZED_AUTOS = YES;
				GCC_WARN_UNUSED_VARIABLE = YES;
				IPHONEOS_DEPLOYMENT_TARGET = 5.1;
				SDKROOT = iphoneos;
			};
			name = Debug;
		};
		DA502B0F159CEFA100619B53 /* Release */ = {
			isa = XCBuildConfiguration;
			buildSettings = {
				ALWAYS_SEARCH_USER_PATHS = NO;
				ARCHS = "$(ARCHS_STANDARD_32_BIT)";
				CLANG_ENABLE_OBJC_ARC = YES;
				"CODE_SIGN_IDENTITY[sdk=iphoneos*]" = "iPhone Developer";
				COPY_PHASE_STRIP = YES;
				GCC_C_LANGUAGE_STANDARD = gnu99;
				GCC_VERSION = com.apple.compilers.llvm.clang.1_0;
				GCC_WARN_ABOUT_RETURN_TYPE = YES;
				GCC_WARN_UNINITIALIZED_AUTOS = YES;
				GCC_WARN_UNUSED_VARIABLE = YES;
				IPHONEOS_DEPLOYMENT_TARGET = 5.1;
				OTHER_CFLAGS = "-DNS_BLOCK_ASSERTIONS=1";
				SDKROOT = iphoneos;
				VALIDATE_PRODUCT = YES;
			};
			name = Release;
		};
		DA502B11159CEFA100619B53 /* Debug */ = {
			isa = XCBuildConfiguration;
			buildSettings = {
				GCC_PRECOMPILE_PREFIX_HEADER = YES;
				GCC_PREFIX_HEADER = "Calculator/Calculator-Prefix.pch";
				INFOPLIST_FILE = "Calculator/Calculator-Info.plist";
				PRODUCT_NAME = "$(TARGET_NAME)";
				WRAPPER_EXTENSION = app;
			};
			name = Debug;
		};
		DA502B12159CEFA100619B53 /* Release */ = {
			isa = XCBuildConfiguration;
			buildSettings = {
				GCC_PRECOMPILE_PREFIX_HEADER = YES;
				GCC_PREFIX_HEADER = "Calculator/Calculator-Prefix.pch";
				INFOPLIST_FILE = "Calculator/Calculator-Info.plist";
				PRODUCT_NAME = "$(TARGET_NAME)";
				WRAPPER_EXTENSION = app;
			};
			name = Release;
		};
/* End XCBuildConfiguration section */

/* Begin XCConfigurationList section */
		DA502AEC159CEFA100619B53 /* Build configuration list for PBXProject "Calculator" */ = {
			isa = XCConfigurationList;
			buildConfigurations = (
				DA502B0E159CEFA100619B53 /* Debug */,
				DA502B0F159CEFA100619B53 /* Release */,
			);
			defaultConfigurationIsVisible = 0;
			defaultConfigurationName = Release;
		};
		DA502B10159CEFA100619B53 /* Build configuration list for PBXNativeTarget "Calculator" */ = {
			isa = XCConfigurationList;
			buildConfigurations = (
				DA502B11159CEFA100619B53 /* Debug */,
				DA502B12159CEFA100619B53 /* Release */,
			);
			defaultConfigurationIsVisible = 0;
			defaultConfigurationName = Release;
		};
/* End XCConfigurationList section */
	};
	rootObject = DA502AE9159CEFA100619B53 /* Project object */;
}
